
Microsoft Visual Studio Solution File, Format Version 12.00
# Visual Studio Version 17
VisualStudioVersion = 17.8.34330.188
MinimumVisualStudioVersion = 10.0.40219.1
Project("{FAE04EC0-301F-11D3-BF4B-00C04F79EFBC}") = "PricingWebApp", "PricingWebApp\PricingWebApp.csproj", "{83610620-DFFD-4CCA-B7A3-2C682D43E5C4}"
EndProject
Global
	GlobalSection(SolutionConfigurationPlatforms) = preSolution
		Debug|Any CPU = Debug|Any CPU
		Release|Any CPU = Release|Any CPU
	EndGlobalSection
	GlobalSection(ProjectConfigurationPlatforms) = postSolution
		{83610620-DFFD-4CCA-B7A3-2C682D43E5C4}.Debug|Any CPU.ActiveCfg = Debug|Any CPU
		{83610620-DFFD-4CCA-B7A3-2C682D43E5C4}.Debug|Any CPU.Build.0 = Debug|Any CPU
		{83610620-DFFD-4CCA-B7A3-2C682D43E5C4}.Release|Any CPU.ActiveCfg = Release|Any CPU
		{83610620-DFFD-4CCA-B7A3-2C682D43E5C4}.Release|Any CPU.Build.0 = Release|Any CPU
	EndGlobalSection
	GlobalSection(SolutionProperties) = preSolution
		HideSolutionNode = FALSE
	EndGlobalSection
	GlobalSection(ExtensibilityGlobals) = postSolution
		SolutionGuid = {EC4970A0-4C0A-48A7-8EE8-B766D69AC732}
	EndGlobalSection
EndGlobal
